
Microsoft Visual Studio Solution File, Format Version 12.00
# Visual Studio Version 16
VisualStudioVersion = 16.0.32002.261
MinimumVisualStudioVersion = 10.0.40219.1
Project("{FAE04EC0-301F-11D3-BF4B-00C04F79EFBC}") = "Task3", "Task3.csproj", "{7BAE7C7C-0DBB-4F1D-B15D-A2C8B8AFA412}"
EndProject
Global
	GlobalSection(SolutionConfigurationPlatforms) = preSolution
		Debug|Any CPU = Debug|Any CPU
		Release|Any CPU = Release|Any CPU
	EndGlobalSection
	GlobalSection(ProjectConfigurationPlatforms) = postSolution
		{7BAE7C7C-0DBB-4F1D-B15D-A2C8B8AFA412}.Debug|Any CPU.ActiveCfg = Debug|Any CPU
		{7BAE7C7C-0DBB-4F1D-B15D-A2C8B8AFA412}.Debug|Any CPU.Build.0 = Debug|Any CPU
		{7BAE7C7C-0DBB-4F1D-B15D-A2C8B8AFA412}.Release|Any CPU.ActiveCfg = Release|Any CPU
		{7BAE7C7C-0DBB-4F1D-B15D-A2C8B8AFA412}.Release|Any CPU.Build.0 = Release|Any CPU
	EndGlobalSection
	GlobalSection(SolutionProperties) = preSolution
		HideSolutionNode = FALSE
	EndGlobalSection
	GlobalSection(ExtensibilityGlobals) = postSolution
		SolutionGuid = {5C9452BB-3F8C-4290-A5AF-119B2DAEB2C0}
	EndGlobalSection
EndGlobal
