
Microsoft Visual Studio Solution File, Format Version 12.00
# Visual Studio Version 16
VisualStudioVersion = 16.0.32002.261
MinimumVisualStudioVersion = 10.0.40219.1
Project("{FAE04EC0-301F-11D3-BF4B-00C04F79EFBC}") = "Task2", "Task2.csproj", "{69F6C566-550B-4594-9C09-18A959E65EE9}"
EndProject
Global
	GlobalSection(SolutionConfigurationPlatforms) = preSolution
		Debug|Any CPU = Debug|Any CPU
		Release|Any CPU = Release|Any CPU
	EndGlobalSection
	GlobalSection(ProjectConfigurationPlatforms) = postSolution
		{69F6C566-550B-4594-9C09-18A959E65EE9}.Debug|Any CPU.ActiveCfg = Debug|Any CPU
		{69F6C566-550B-4594-9C09-18A959E65EE9}.Debug|Any CPU.Build.0 = Debug|Any CPU
		{69F6C566-550B-4594-9C09-18A959E65EE9}.Release|Any CPU.ActiveCfg = Release|Any CPU
		{69F6C566-550B-4594-9C09-18A959E65EE9}.Release|Any CPU.Build.0 = Release|Any CPU
	EndGlobalSection
	GlobalSection(SolutionProperties) = preSolution
		HideSolutionNode = FALSE
	EndGlobalSection
	GlobalSection(ExtensibilityGlobals) = postSolution
		SolutionGuid = {7C8F3515-39F7-4D4B-AA2D-B18D6877EFD2}
	EndGlobalSection
EndGlobal
