
Microsoft Visual Studio Solution File, Format Version 12.00
# Visual Studio Version 16
VisualStudioVersion = 16.0.32002.261
MinimumVisualStudioVersion = 10.0.40219.1
Project("{FAE04EC0-301F-11D3-BF4B-00C04F79EFBC}") = "Task1", "Task1.csproj", "{5F34A4C9-CD1A-48C6-9E00-156B43312E0C}"
EndProject
Global
	GlobalSection(SolutionConfigurationPlatforms) = preSolution
		Debug|Any CPU = Debug|Any CPU
		Release|Any CPU = Release|Any CPU
	EndGlobalSection
	GlobalSection(ProjectConfigurationPlatforms) = postSolution
		{5F34A4C9-CD1A-48C6-9E00-156B43312E0C}.Debug|Any CPU.ActiveCfg = Debug|Any CPU
		{5F34A4C9-CD1A-48C6-9E00-156B43312E0C}.Debug|Any CPU.Build.0 = Debug|Any CPU
		{5F34A4C9-CD1A-48C6-9E00-156B43312E0C}.Release|Any CPU.ActiveCfg = Release|Any CPU
		{5F34A4C9-CD1A-48C6-9E00-156B43312E0C}.Release|Any CPU.Build.0 = Release|Any CPU
	EndGlobalSection
	GlobalSection(SolutionProperties) = preSolution
		HideSolutionNode = FALSE
	EndGlobalSection
	GlobalSection(ExtensibilityGlobals) = postSolution
		SolutionGuid = {96A7C4AA-2BA0-4B4E-B3E2-168CE7485189}
	EndGlobalSection
EndGlobal
